// !$*UTF8*$!
{
	archiveVersion = 1;
	classes = {
	};
	objectVersion = 48;
	objects = {

/* Begin PBXBuildFile section */
		5A3CEDD1209B052000933957 /* AppDelegate.m in Sources */ = {isa = PBXBuildFile; fileRef = 5A3CEDD0209B052000933957 /* AppDelegate.m */; };
		5A3CEDD4209B052100933957 /* ViewController.m in Sources */ = {isa = PBXBuildFile; fileRef = 5A3CEDD3209B052100933957 /* ViewController.m */; };
		5A3CEDD7209B052100933957 /* Main.storyboard in Resources */ = {isa = PBXBuildFile; fileRef = 5A3CEDD5209B052100933957 /* Main.storyboard */; };
		5A3CEDD9209B052100933957 /* Assets.xcassets in Resources */ = {isa = PBXBuildFile; fileRef = 5A3CEDD8209B052100933957 /* Assets.xcassets */; };
		5A3CEDDC209B052100933957 /* LaunchScreen.storyboard in Resources */ = {isa = PBXBuildFile; fileRef = 5A3CEDDA209B052100933957 /* LaunchScreen.storyboard */; };
		5A3CEDDF209B052100933957 /* main.m in Sources */ = {isa = PBXBuildFile; fileRef = 5A3CEDDE209B052100933957 /* main.m */; };
/* End PBXBuildFile section */

/* Begin PBXFileReference section */
		5A3CEDCC209B052000933957 /* FEIICollectionToolObj.app */ = {isa = PBXFileReference; explicitFileType = wrapper.application; includeInIndex = 0; path = FEIICollectionToolObj.app; sourceTree = BUILT_PRODUCTS_DIR; };
		5A3CEDCF209B052000933957 /* AppDelegate.h */ = {isa = PBXFileReference; lastKnownFileType = sourcecode.c.h; path = AppDelegate.h; sourceTree = "<group>"; };
		5A3CEDD0209B052000933957 /* AppDelegate.m */ = {isa = PBXFileReference; lastKnownFileType = sourcecode.c.objc; path = AppDelegate.m; sourceTree = "<group>"; };
		5A3CEDD2209B052100933957 /* ViewController.h */ = {isa = PBXFileReference; lastKnownFileType = sourcecode.c.h; path = ViewController.h; sourceTree = "<group>"; };
		5A3CEDD3209B052100933957 /* ViewController.m */ = {isa = PBXFileReference; lastKnownFileType = sourcecode.c.objc; path = ViewController.m; sourceTree = "<group>"; };
		5A3CEDD6209B052100933957 /* Base */ = {isa = PBXFileReference; lastKnownFileType = file.storyboard; name = Base; path = Base.lproj/Main.storyboard; sourceTree = "<group>"; };
		5A3CEDD8209B052100933957 /* Assets.xcassets */ = {isa = PBXFileReference; lastKnownFileType = folder.assetcatalog; path = Assets.xcassets; sourceTree = "<group>"; };
		5A3CEDDB209B052100933957 /* Base */ = {isa = PBXFileReference; lastKnownFileType = file.storyboard; name = Base; path = Base.lproj/LaunchScreen.storyboard; sourceTree = "<group>"; };
		5A3CEDDD209B052100933957 /* Info.plist */ = {isa = PBXFileReference; lastKnownFileType = text.plist.xml; path = Info.plist; sourceTree = "<group>"; };
		5A3CEDDE209B052100933957 /* main.m */ = {isa = PBXFileReference; lastKnownFileType = sourcecode.c.objc; path = main.m; sourceTree = "<group>"; };
		5A3CEDE7209B0A3B00933957 /* CommonMacro.h */ = {isa = PBXFileReference; lastKnownFileType = sourcecode.c.h; path = CommonMacro.h; sourceTree = "<group>"; };
/* End PBXFileReference section */

/* Begin PBXFrameworksBuildPhase section */
		5A3CEDC9209B052000933957 /* Frameworks */ = {
			isa = PBXFrameworksBuildPhase;
			buildActionMask = 2147483647;
			files = (
			);
			runOnlyForDeploymentPostprocessing = 0;
		};
/* End PBXFrameworksBuildPhase section */

/* Begin PBXGroup section */
		5A3CEDC3209B052000933957 = {
			isa = PBXGroup;
			children = (
				5A3CEDCE209B052000933957 /* FEIICollectionToolObj */,
				5A3CEDCD209B052000933957 /* Products */,
			);
			sourceTree = "<group>";
		};
		5A3CEDCD209B052000933957 /* Products */ = {
			isa = PBXGroup;
			children = (
				5A3CEDCC209B052000933957 /* FEIICollectionToolObj.app */,
			);
			name = Products;
			sourceTree = "<group>";
		};
		5A3CEDCE209B052000933957 /* FEIICollectionToolObj */ = {
			isa = PBXGroup;
			children = (
				5A3CEDE5209B09DF00933957 /* Macro */,
				5A3CEDCF209B052000933957 /* AppDelegate.h */,
				5A3CEDD0209B052000933957 /* AppDelegate.m */,
				5A3CEDD2209B052100933957 /* ViewController.h */,
				5A3CEDD3209B052100933957 /* ViewController.m */,
				5A3CEDD5209B052100933957 /* Main.storyboard */,
				5A3CEDD8209B052100933957 /* Assets.xcassets */,
				5A3CEDDA209B052100933957 /* LaunchScreen.storyboard */,
				5A3CEDDD209B052100933957 /* Info.plist */,
				5A3CEDDE209B052100933957 /* main.m */,
			);
			path = FEIICollectionToolObj;
			sourceTree = "<group>";
		};
		5A3CEDE5209B09DF00933957 /* Macro */ = {
			isa = PBXGroup;
			children = (
				5A3CEDE7209B0A3B00933957 /* CommonMacro.h */,
			);
			path = Macro;
			sourceTree = "<group>";
		};
/* End PBXGroup section */

/* Begin PBXNativeTarget section */
		5A3CEDCB209B052000933957 /* FEIICollectionToolObj */ = {
			isa = PBXNativeTarget;
			buildConfigurationList = 5A3CEDE2209B052100933957 /* Build configuration list for PBXNativeTarget "FEIICollectionToolObj" */;
			buildPhases = (
				5A3CEDC8209B052000933957 /* Sources */,
				5A3CEDC9209B052000933957 /* Frameworks */,
				5A3CEDCA209B052000933957 /* Resources */,
			);
			buildRules = (
			);
			dependencies = (
			);
			name = FEIICollectionToolObj;
			productName = FEIICollectionToolObj;
			productReference = 5A3CEDCC209B052000933957 /* FEIICollectionToolObj.app */;
			productType = "com.apple.product-type.application";
		};
/* End PBXNativeTarget section */

/* Begin PBXProject section */
		5A3CEDC4209B052000933957 /* Project object */ = {
			isa = PBXProject;
			attributes = {
				LastUpgradeCheck = 0920;
				ORGANIZATIONNAME = feii;
				TargetAttributes = {
					5A3CEDCB209B052000933957 = {
						CreatedOnToolsVersion = 9.2;
						ProvisioningStyle = Automatic;
					};
				};
			};
			buildConfigurationList = 5A3CEDC7209B052000933957 /* Build configuration list for PBXProject "FEIICollectionToolObj" */;
			compatibilityVersion = "Xcode 8.0";
			developmentRegion = en;
			hasScannedForEncodings = 0;
			knownRegions = (
				en,
				Base,
			);
			mainGroup = 5A3CEDC3209B052000933957;
			productRefGroup = 5A3CEDCD209B052000933957 /* Products */;
			projectDirPath = "";
			projectRoot = "";
			targets = (
				5A3CEDCB209B052000933957 /* FEIICollectionToolObj */,
			);
		};
/* End PBXProject section */

/* Begin PBXResourcesBuildPhase section */
		5A3CEDCA209B052000933957 /* Resources */ = {
			isa = PBXResourcesBuildPhase;
			buildActionMask = 2147483647;
			files = (
				5A3CEDDC209B052100933957 /* LaunchScreen.storyboard in Resources */,
				5A3CEDD9209B052100933957 /* Assets.xcassets in Resources */,
				5A3CEDD7209B052100933957 /* Main.storyboard in Resources */,
			);
			runOnlyForDeploymentPostprocessing = 0;
		};
/* End PBXResourcesBuildPhase section */

/* Begin PBXSourcesBuildPhase section */
		5A3CEDC8209B052000933957 /* Sources */ = {
			isa = PBXSourcesBuildPhase;
			buildActionMask = 2147483647;
			files = (
				5A3CEDD4209B052100933957 /* ViewController.m in Sources */,
				5A3CEDDF209B052100933957 /* main.m in Sources */,
				5A3CEDD1209B052000933957 /* AppDelegate.m in Sources */,
			);
			runOnlyForDeploymentPostprocessing = 0;
		};
/* End PBXSourcesBuildPhase section */

/* Begin PBXVariantGroup section */
		5A3CEDD5209B052100933957 /* Main.storyboard */ = {
			isa = PBXVariantGroup;
			children = (
				5A3CEDD6209B052100933957 /* Base */,
			);
			name = Main.storyboard;
			sourceTree = "<group>";
		};
		5A3CEDDA209B052100933957 /* LaunchScreen.storyboard */ = {
			isa = PBXVariantGroup;
			children = (
				5A3CEDDB209B052100933957 /* Base */,
			);
			name = LaunchScreen.storyboard;
			sourceTree = "<group>";
		};
/* End PBXVariantGroup section */

/* Begin XCBuildConfiguration section */
		5A3CEDE0209B052100933957 /* Debug */ = {
			isa = XCBuildConfiguration;
			buildSettings = {
				ALWAYS_SEARCH_USER_PATHS = NO;
				CLANG_ANALYZER_NONNULL = YES;
				CLANG_ANALYZER_NUMBER_OBJECT_CONVERSION = YES_AGGRESSIVE;
				CLANG_CXX_LANGUAGE_STANDARD = "gnu++14";
				CLANG_CXX_LIBRARY = "libc++";
				CLANG_ENABLE_MODULES = YES;
				CLANG_ENABLE_OBJC_ARC = YES;
				CLANG_WARN_BLOCK_CAPTURE_AUTORELEASING = YES;
				CLANG_WARN_BOOL_CONVERSION = YES;
				CLANG_WARN_COMMA = YES;
				CLANG_WARN_CONSTANT_CONVERSION = YES;
				CLANG_WARN_DIRECT_OBJC_ISA_USAGE = YES_ERROR;
				CLANG_WARN_DOCUMENTATION_COMMENTS = YES;
				CLANG_WARN_EMPTY_BODY = YES;
				CLANG_WARN_ENUM_CONVERSION = YES;
				CLANG_WARN_INFINITE_RECURSION = YES;
				CLANG_WARN_INT_CONVERSION = YES;
				CLANG_WARN_NON_LITERAL_NULL_CONVERSION = YES;
				CLANG_WARN_OBJC_LITERAL_CONVERSION = YES;
				CLANG_WARN_OBJC_ROOT_CLASS = YES_ERROR;
				CLANG_WARN_RANGE_LOOP_ANALYSIS = YES;
				CLANG_WARN_STRICT_PROTOTYPES = YES;
				CLANG_WARN_SUSPICIOUS_MOVE = YES;
				CLANG_WARN_UNGUARDED_AVAILABILITY = YES_AGGRESSIVE;
				CLANG_WARN_UNREACHABLE_CODE = YES;
				CLANG_WARN__DUPLICATE_METHOD_MATCH = YES;
				CODE_SIGN_IDENTITY = "iPhone Developer";
				COPY_PHASE_STRIP = NO;
				DEBUG_INFORMATION_FORMAT = dwarf;
				ENABLE_STRICT_OBJC_MSGSEND = YES;
				ENABLE_TESTABILITY = YES;
				GCC_C_LANGUAGE_STANDARD = gnu11;
				GCC_DYNAMIC_NO_PIC = NO;
				GCC_NO_COMMON_BLOCKS = YES;
				GCC_OPTIMIZATION_LEVEL = 0;
				GCC_PREPROCESSOR_DEFINITIONS = (
					"DEBUG=1",
					"$(inherited)",
				);
				GCC_WARN_64_TO_32_BIT_CONVERSION = YES;
				GCC_WARN_ABOUT_RETURN_TYPE = YES_ERROR;
				GCC_WARN_UNDECLARED_SELECTOR = YES;
				GCC_WARN_UNINITIALIZED_AUTOS = YES_AGGRESSIVE;
				GCC_WARN_UNUSED_FUNCTION = YES;
				GCC_WARN_UNUSED_VARIABLE = YES;
				IPHONEOS_DEPLOYMENT_TARGET = 11.2;
				MTL_ENABLE_DEBUG_INFO = YES;
				ONLY_ACTIVE_ARCH = YES;
				SDKROOT = iphoneos;
			};
			name = Debug;
		};
		5A3CEDE1209B052100933957 /* Release */ = {
			isa = XCBuildConfiguration;
			buildSettings = {
				ALWAYS_SEARCH_USER_PATHS = NO;
				CLANG_ANALYZER_NONNULL = YES;
				CLANG_ANALYZER_NUMBER_OBJECT_CONVERSION = YES_AGGRESSIVE;
				CLANG_CXX_LANGUAGE_STANDARD = "gnu++14";
				CLANG_CXX_LIBRARY = "libc++";
				CLANG_ENABLE_MODULES = YES;
				CLANG_ENABLE_OBJC_ARC = YES;
				CLANG_WARN_BLOCK_CAPTURE_AUTORELEASING = YES;
				CLANG_WARN_BOOL_CONVERSION = YES;
				CLANG_WARN_COMMA = YES;
				CLANG_WARN_CONSTANT_CONVERSION = YES;
				CLANG_WARN_DIRECT_OBJC_ISA_USAGE = YES_ERROR;
				CLANG_WARN_DOCUMENTATION_COMMENTS = YES;
				CLANG_WARN_EMPTY_BODY = YES;
				CLANG_WARN_ENUM_CONVERSION = YES;
				CLANG_WARN_INFINITE_RECURSION = YES;
				CLANG_WARN_INT_CONVERSION = YES;
				CLANG_WARN_NON_LITERAL_NULL_CONVERSION = YES;
				CLANG_WARN_OBJC_LITERAL_CONVERSION = YES;
				CLANG_WARN_OBJC_ROOT_CLASS = YES_ERROR;
				CLANG_WARN_RANGE_LOOP_ANALYSIS = YES;
				CLANG_WARN_STRICT_PROTOTYPES = YES;
				CLANG_WARN_SUSPICIOUS_MOVE = YES;
				CLANG_WARN_UNGUARDED_AVAILABILITY = YES_AGGRESSIVE;
				CLANG_WARN_UNREACHABLE_CODE = YES;
				CLANG_WARN__DUPLICATE_METHOD_MATCH = YES;
				CODE_SIGN_IDENTITY = "iPhone Developer";
				COPY_PHASE_STRIP = NO;
				DEBUG_INFORMATION_FORMAT = "dwarf-with-dsym";
				ENABLE_NS_ASSERTIONS = NO;
				ENABLE_STRICT_OBJC_MSGSEND = YES;
				GCC_C_LANGUAGE_STANDARD = gnu11;
				GCC_NO_COMMON_BLOCKS = YES;
				GCC_WARN_64_TO_32_BIT_CONVERSION = YES;
				GCC_WARN_ABOUT_RETURN_TYPE = YES_ERROR;
				GCC_WARN_UNDECLARED_SELECTOR = YES;
				GCC_WARN_UNINITIALIZED_AUTOS = YES_AGGRESSIVE;
				GCC_WARN_UNUSED_FUNCTION = YES;
				GCC_WARN_UNUSED_VARIABLE = YES;
				IPHONEOS_DEPLOYMENT_TARGET = 11.2;
				MTL_ENABLE_DEBUG_INFO = NO;
				SDKROOT = iphoneos;
				VALIDATE_PRODUCT = YES;
			};
			name = Release;
		};
		5A3CEDE3209B052100933957 /* Debug */ = {
			isa = XCBuildConfiguration;
			buildSettings = {
				ASSETCATALOG_COMPILER_APPICON_NAME = AppIcon;
				CODE_SIGN_STYLE = Automatic;
				INFOPLIST_FILE = FEIICollectionToolObj/Info.plist;
				LD_RUNPATH_SEARCH_PATHS = "$(inherited) @executable_path/Frameworks";
				PRODUCT_BUNDLE_IDENTIFIER = com.feii.www.FEIICollectionToolObj;
				PRODUCT_NAME = "$(TARGET_NAME)";
				TARGETED_DEVICE_FAMILY = "1,2";
			};
			name = Debug;
		};
		5A3CEDE4209B052100933957 /* Release */ = {
			isa = XCBuildConfiguration;
			buildSettings = {
				ASSETCATALOG_COMPILER_APPICON_NAME = AppIcon;
				CODE_SIGN_STYLE = Automatic;
				INFOPLIST_FILE = FEIICollectionToolObj/Info.plist;
				LD_RUNPATH_SEARCH_PATHS = "$(inherited) @executable_path/Frameworks";
				PRODUCT_BUNDLE_IDENTIFIER = com.feii.www.FEIICollectionToolObj;
				PRODUCT_NAME = "$(TARGET_NAME)";
				TARGETED_DEVICE_FAMILY = "1,2";
			};
			name = Release;
		};
/* End XCBuildConfiguration section */

/* Begin XCConfigurationList section */
		5A3CEDC7209B052000933957 /* Build configuration list for PBXProject "FEIICollectionToolObj" */ = {
			isa = XCConfigurationList;
			buildConfigurations = (
				5A3CEDE0209B052100933957 /* Debug */,
				5A3CEDE1209B052100933957 /* Release */,
			);
			defaultConfigurationIsVisible = 0;
			defaultConfigurationName = Release;
		};
		5A3CEDE2209B052100933957 /* Build configuration list for PBXNativeTarget "FEIICollectionToolObj" */ = {
			isa = XCConfigurationList;
			buildConfigurations = (
				5A3CEDE3209B052100933957 /* Debug */,
				5A3CEDE4209B052100933957 /* Release */,
			);
			defaultConfigurationIsVisible = 0;
			defaultConfigurationName = Release;
		};
/* End XCConfigurationList section */
	};
	rootObject = 5A3CEDC4209B052000933957 /* Project object */;
}
