// !$*UTF8*$!
{
	archiveVersion = 1;
	classes = {
	};
	objectVersion = 48;
	objects = {

/* Begin PBXBuildFile section */
		5A3CEDD1209B052000933957 /* AppDelegate.m in Sources */ = {isa = PBXBuildFile; fileRef = 5A3CEDD0209B052000933957 /* AppDelegate.m */; };
		5A3CEDD4209B052100933957 /* ViewController.m in Sources */ = {isa = PBXBuildFile; fileRef = 5A3CEDD3209B052100933957 /* ViewController.m */; };
		5A3CEDD7209B052100933957 /* Main.storyboard in Resources */ = {isa = PBXBuildFile; fileRef = 5A3CEDD5209B052100933957 /* Main.storyboard */; };
		5A3CEDD9209B052100933957 /* Assets.xcassets in Resources */ = {isa = PBXBuildFile; fileRef = 5A3CEDD8209B052100933957 /* Assets.xcassets */; };
		5A3CEDDC209B052100933957 /* LaunchScreen.storyboard in Resources */ = {isa = PBXBuildFile; fileRef = 5A3CEDDA209B052100933957 /* LaunchScreen.storyboard */; };
		5A3CEDDF209B052100933957 /* main.m in Sources */ = {isa = PBXBuildFile; fileRef = 5A3CEDDE209B052100933957 /* main.m */; };
		5AF8E39E209C5DDB00EDCB6E /* WSWScrollView.m in Sources */ = {isa = PBXBuildFile; fileRef = 5AF8E39D209C5DDB00EDCB6E /* WSWScrollView.m */; };
		A56506FB209B4D7E0002C5D5 /* FEIISegementView.m in Sources */ = {isa = PBXBuildFile; fileRef = A56506FA209B4D7E0002C5D5 /* FEIISegementView.m */; };
		A5650702209B4F640002C5D5 /* GetSystemDate.m in Sources */ = {isa = PBXBuildFile; fileRef = A56506FF209B4F640002C5D5 /* GetSystemDate.m */; };
		A5650716209B50170002C5D5 /* UIView+Util.m in Sources */ = {isa = PBXBuildFile; fileRef = A5650709209B50170002C5D5 /* UIView+Util.m */; };
		A5650717209B50170002C5D5 /* UIViewController+BackButtonHandler.m in Sources */ = {isa = PBXBuildFile; fileRef = A565070C209B50170002C5D5 /* UIViewController+BackButtonHandler.m */; };
		A5650718209B50170002C5D5 /* NSString+RetbitString.m in Sources */ = {isa = PBXBuildFile; fileRef = A565070D209B50170002C5D5 /* NSString+RetbitString.m */; };
		A5650719209B50170002C5D5 /* UIView+MJ.m in Sources */ = {isa = PBXBuildFile; fileRef = A565070E209B50170002C5D5 /* UIView+MJ.m */; };
		A565071A209B50170002C5D5 /* UIImage+Util.m in Sources */ = {isa = PBXBuildFile; fileRef = A565070F209B50170002C5D5 /* UIImage+Util.m */; };
		A565071B209B50170002C5D5 /* UIColor+Util.m in Sources */ = {isa = PBXBuildFile; fileRef = A5650711209B50170002C5D5 /* UIColor+Util.m */; };
		A565071C209B50170002C5D5 /* NSString+Utils.m in Sources */ = {isa = PBXBuildFile; fileRef = A5650712209B50170002C5D5 /* NSString+Utils.m */; };
		A565071D209B50170002C5D5 /* UIButton+ImageWithLabel.m in Sources */ = {isa = PBXBuildFile; fileRef = A5650713209B50170002C5D5 /* UIButton+ImageWithLabel.m */; };
		A565071E209B50170002C5D5 /* NSString+CQFontSzie.m in Sources */ = {isa = PBXBuildFile; fileRef = A5650714209B50170002C5D5 /* NSString+CQFontSzie.m */; };
		A5650721209B50460002C5D5 /* GetDateModel.m in Sources */ = {isa = PBXBuildFile; fileRef = A565071F209B50460002C5D5 /* GetDateModel.m */; };
		A56508AA209B53210002C5D5 /* pinyin.c in Sources */ = {isa = PBXBuildFile; fileRef = A565088D209B531B0002C5D5 /* pinyin.c */; };
		A56508AB209B53210002C5D5 /* CQBaseMethod.m in Sources */ = {isa = PBXBuildFile; fileRef = A5650891209B531C0002C5D5 /* CQBaseMethod.m */; };
		A56508AC209B53210002C5D5 /* Account.m in Sources */ = {isa = PBXBuildFile; fileRef = A565089A209B531D0002C5D5 /* Account.m */; };
		A56508AD209B53210002C5D5 /* NetworkUtils.m in Sources */ = {isa = PBXBuildFile; fileRef = A565089B209B531D0002C5D5 /* NetworkUtils.m */; };
		A56508AE209B53210002C5D5 /* NSString+NSDate.m in Sources */ = {isa = PBXBuildFile; fileRef = A565089C209B531D0002C5D5 /* NSString+NSDate.m */; };
		A56508AF209B53210002C5D5 /* PinyinIndexUtil.m in Sources */ = {isa = PBXBuildFile; fileRef = A565089F209B531E0002C5D5 /* PinyinIndexUtil.m */; };
		A56508B0209B53210002C5D5 /* UserSession.m in Sources */ = {isa = PBXBuildFile; fileRef = A56508A1209B531E0002C5D5 /* UserSession.m */; };
		A56508B1209B53210002C5D5 /* CQHTTPTool.m in Sources */ = {isa = PBXBuildFile; fileRef = A56508A2209B531E0002C5D5 /* CQHTTPTool.m */; };
		A56508B2209B53210002C5D5 /* ChineseString.m in Sources */ = {isa = PBXBuildFile; fileRef = A56508A3209B531F0002C5D5 /* ChineseString.m */; };
		A56508B3209B53210002C5D5 /* FEIDatabaseManager.m in Sources */ = {isa = PBXBuildFile; fileRef = A56508A8209B53200002C5D5 /* FEIDatabaseManager.m */; };
		A56508B4209B53210002C5D5 /* UITableView+Improve.m in Sources */ = {isa = PBXBuildFile; fileRef = A56508A9209B53200002C5D5 /* UITableView+Improve.m */; };
/* End PBXBuildFile section */

/* Begin PBXFileReference section */
		5A3CEDCC209B052000933957 /* FEIICollectionToolObj.app */ = {isa = PBXFileReference; explicitFileType = wrapper.application; includeInIndex = 0; path = FEIICollectionToolObj.app; sourceTree = BUILT_PRODUCTS_DIR; };
		5A3CEDCF209B052000933957 /* AppDelegate.h */ = {isa = PBXFileReference; lastKnownFileType = sourcecode.c.h; path = AppDelegate.h; sourceTree = "<group>"; };
		5A3CEDD0209B052000933957 /* AppDelegate.m */ = {isa = PBXFileReference; lastKnownFileType = sourcecode.c.objc; path = AppDelegate.m; sourceTree = "<group>"; };
		5A3CEDD2209B052100933957 /* ViewController.h */ = {isa = PBXFileReference; lastKnownFileType = sourcecode.c.h; path = ViewController.h; sourceTree = "<group>"; };
		5A3CEDD3209B052100933957 /* ViewController.m */ = {isa = PBXFileReference; lastKnownFileType = sourcecode.c.objc; path = ViewController.m; sourceTree = "<group>"; };
		5A3CEDD6209B052100933957 /* Base */ = {isa = PBXFileReference; lastKnownFileType = file.storyboard; name = Base; path = Base.lproj/Main.storyboard; sourceTree = "<group>"; };
		5A3CEDD8209B052100933957 /* Assets.xcassets */ = {isa = PBXFileReference; lastKnownFileType = folder.assetcatalog; path = Assets.xcassets; sourceTree = "<group>"; };
		5A3CEDDB209B052100933957 /* Base */ = {isa = PBXFileReference; lastKnownFileType = file.storyboard; name = Base; path = Base.lproj/LaunchScreen.storyboard; sourceTree = "<group>"; };
		5A3CEDDD209B052100933957 /* Info.plist */ = {isa = PBXFileReference; lastKnownFileType = text.plist.xml; path = Info.plist; sourceTree = "<group>"; };
		5A3CEDDE209B052100933957 /* main.m */ = {isa = PBXFileReference; lastKnownFileType = sourcecode.c.objc; path = main.m; sourceTree = "<group>"; };
		5A3CEDE7209B0A3B00933957 /* CommonMacro.h */ = {isa = PBXFileReference; lastKnownFileType = sourcecode.c.h; path = CommonMacro.h; sourceTree = "<group>"; };
		5AF8E39C209C5DDB00EDCB6E /* WSWScrollView.h */ = {isa = PBXFileReference; fileEncoding = 4; lastKnownFileType = sourcecode.c.h; path = WSWScrollView.h; sourceTree = "<group>"; };
		5AF8E39D209C5DDB00EDCB6E /* WSWScrollView.m */ = {isa = PBXFileReference; fileEncoding = 4; lastKnownFileType = sourcecode.c.objc; path = WSWScrollView.m; sourceTree = "<group>"; };
		A56506F9209B4D7E0002C5D5 /* FEIISegementView.h */ = {isa = PBXFileReference; lastKnownFileType = sourcecode.c.h; path = FEIISegementView.h; sourceTree = "<group>"; };
		A56506FA209B4D7E0002C5D5 /* FEIISegementView.m */ = {isa = PBXFileReference; lastKnownFileType = sourcecode.c.objc; path = FEIISegementView.m; sourceTree = "<group>"; };
		A56506FD209B4F640002C5D5 /* GetSystemDate.h */ = {isa = PBXFileReference; fileEncoding = 4; lastKnownFileType = sourcecode.c.h; path = GetSystemDate.h; sourceTree = "<group>"; };
		A56506FF209B4F640002C5D5 /* GetSystemDate.m */ = {isa = PBXFileReference; fileEncoding = 4; lastKnownFileType = sourcecode.c.objc; path = GetSystemDate.m; sourceTree = "<group>"; };
		A5650704209B50170002C5D5 /* UIView+MJ.h */ = {isa = PBXFileReference; fileEncoding = 4; lastKnownFileType = sourcecode.c.h; path = "UIView+MJ.h"; sourceTree = "<group>"; };
		A5650705209B50170002C5D5 /* NSString+RetbitString.h */ = {isa = PBXFileReference; fileEncoding = 4; lastKnownFileType = sourcecode.c.h; path = "NSString+RetbitString.h"; sourceTree = "<group>"; };
		A5650706209B50170002C5D5 /* UIButton+ImageWithLabel.h */ = {isa = PBXFileReference; fileEncoding = 4; lastKnownFileType = sourcecode.c.h; path = "UIButton+ImageWithLabel.h"; sourceTree = "<group>"; };
		A5650707209B50170002C5D5 /* NSString+Utils.h */ = {isa = PBXFileReference; fileEncoding = 4; lastKnownFileType = sourcecode.c.h; path = "NSString+Utils.h"; sourceTree = "<group>"; };
		A5650708209B50170002C5D5 /* UIColor+Util.h */ = {isa = PBXFileReference; fileEncoding = 4; lastKnownFileType = sourcecode.c.h; path = "UIColor+Util.h"; sourceTree = "<group>"; };
		A5650709209B50170002C5D5 /* UIView+Util.m */ = {isa = PBXFileReference; fileEncoding = 4; lastKnownFileType = sourcecode.c.objc; path = "UIView+Util.m"; sourceTree = "<group>"; };
		A565070A209B50170002C5D5 /* UIImage+Util.h */ = {isa = PBXFileReference; fileEncoding = 4; lastKnownFileType = sourcecode.c.h; path = "UIImage+Util.h"; sourceTree = "<group>"; };
		A565070B209B50170002C5D5 /* NSString+CQFontSzie.h */ = {isa = PBXFileReference; fileEncoding = 4; lastKnownFileType = sourcecode.c.h; path = "NSString+CQFontSzie.h"; sourceTree = "<group>"; };
		A565070C209B50170002C5D5 /* UIViewController+BackButtonHandler.m */ = {isa = PBXFileReference; fileEncoding = 4; lastKnownFileType = sourcecode.c.objc; path = "UIViewController+BackButtonHandler.m"; sourceTree = "<group>"; };
		A565070D209B50170002C5D5 /* NSString+RetbitString.m */ = {isa = PBXFileReference; fileEncoding = 4; lastKnownFileType = sourcecode.c.objc; path = "NSString+RetbitString.m"; sourceTree = "<group>"; };
		A565070E209B50170002C5D5 /* UIView+MJ.m */ = {isa = PBXFileReference; fileEncoding = 4; lastKnownFileType = sourcecode.c.objc; path = "UIView+MJ.m"; sourceTree = "<group>"; };
		A565070F209B50170002C5D5 /* UIImage+Util.m */ = {isa = PBXFileReference; fileEncoding = 4; lastKnownFileType = sourcecode.c.objc; path = "UIImage+Util.m"; sourceTree = "<group>"; };
		A5650710209B50170002C5D5 /* UIView+Util.h */ = {isa = PBXFileReference; fileEncoding = 4; lastKnownFileType = sourcecode.c.h; path = "UIView+Util.h"; sourceTree = "<group>"; };
		A5650711209B50170002C5D5 /* UIColor+Util.m */ = {isa = PBXFileReference; fileEncoding = 4; lastKnownFileType = sourcecode.c.objc; path = "UIColor+Util.m"; sourceTree = "<group>"; };
		A5650712209B50170002C5D5 /* NSString+Utils.m */ = {isa = PBXFileReference; fileEncoding = 4; lastKnownFileType = sourcecode.c.objc; path = "NSString+Utils.m"; sourceTree = "<group>"; };
		A5650713209B50170002C5D5 /* UIButton+ImageWithLabel.m */ = {isa = PBXFileReference; fileEncoding = 4; lastKnownFileType = sourcecode.c.objc; path = "UIButton+ImageWithLabel.m"; sourceTree = "<group>"; };
		A5650714209B50170002C5D5 /* NSString+CQFontSzie.m */ = {isa = PBXFileReference; fileEncoding = 4; lastKnownFileType = sourcecode.c.objc; path = "NSString+CQFontSzie.m"; sourceTree = "<group>"; };
		A5650715209B50170002C5D5 /* UIViewController+BackButtonHandler.h */ = {isa = PBXFileReference; fileEncoding = 4; lastKnownFileType = sourcecode.c.h; path = "UIViewController+BackButtonHandler.h"; sourceTree = "<group>"; };
		A565071F209B50460002C5D5 /* GetDateModel.m */ = {isa = PBXFileReference; fileEncoding = 4; lastKnownFileType = sourcecode.c.objc; path = GetDateModel.m; sourceTree = "<group>"; };
		A5650720209B50460002C5D5 /* GetDateModel.h */ = {isa = PBXFileReference; fileEncoding = 4; lastKnownFileType = sourcecode.c.h; path = GetDateModel.h; sourceTree = "<group>"; };
		A565088D209B531B0002C5D5 /* pinyin.c */ = {isa = PBXFileReference; fileEncoding = 4; lastKnownFileType = sourcecode.c.c; path = pinyin.c; sourceTree = "<group>"; };
		A565088E209B531B0002C5D5 /* CQDetalisAttribute.h */ = {isa = PBXFileReference; fileEncoding = 4; lastKnownFileType = sourcecode.c.h; path = CQDetalisAttribute.h; sourceTree = "<group>"; };
		A565088F209B531B0002C5D5 /* UITableView+Improve.h */ = {isa = PBXFileReference; fileEncoding = 4; lastKnownFileType = sourcecode.c.h; path = "UITableView+Improve.h"; sourceTree = "<group>"; };
		A5650890209B531C0002C5D5 /* CQHTTPTool.h */ = {isa = PBXFileReference; fileEncoding = 4; lastKnownFileType = sourcecode.c.h; path = CQHTTPTool.h; sourceTree = "<group>"; };
		A5650891209B531C0002C5D5 /* CQBaseMethod.m */ = {isa = PBXFileReference; fileEncoding = 4; lastKnownFileType = sourcecode.c.objc; path = CQBaseMethod.m; sourceTree = "<group>"; };
		A5650892209B531C0002C5D5 /* AuthDelegate.h */ = {isa = PBXFileReference; fileEncoding = 4; lastKnownFileType = sourcecode.c.h; path = AuthDelegate.h; sourceTree = "<group>"; };
		A5650893209B531C0002C5D5 /* FEIDatabaseManager.h */ = {isa = PBXFileReference; fileEncoding = 4; lastKnownFileType = sourcecode.c.h; path = FEIDatabaseManager.h; sourceTree = "<group>"; };
		A5650894209B531C0002C5D5 /* DebugConstant.h */ = {isa = PBXFileReference; fileEncoding = 4; lastKnownFileType = sourcecode.c.h; path = DebugConstant.h; sourceTree = "<group>"; };
		A5650895209B531C0002C5D5 /* NetworkUtils.h */ = {isa = PBXFileReference; fileEncoding = 4; lastKnownFileType = sourcecode.c.h; path = NetworkUtils.h; sourceTree = "<group>"; };
		A5650896209B531C0002C5D5 /* UIConstant.h */ = {isa = PBXFileReference; fileEncoding = 4; lastKnownFileType = sourcecode.c.h; path = UIConstant.h; sourceTree = "<group>"; };
		A5650897209B531D0002C5D5 /* PinyinIndexUtil.h */ = {isa = PBXFileReference; fileEncoding = 4; lastKnownFileType = sourcecode.c.h; path = PinyinIndexUtil.h; sourceTree = "<group>"; };
		A5650898209B531D0002C5D5 /* pinyin.h */ = {isa = PBXFileReference; fileEncoding = 4; lastKnownFileType = sourcecode.c.h; path = pinyin.h; sourceTree = "<group>"; };
		A5650899209B531D0002C5D5 /* ApiConstant.h */ = {isa = PBXFileReference; fileEncoding = 4; lastKnownFileType = sourcecode.c.h; path = ApiConstant.h; sourceTree = "<group>"; };
		A565089A209B531D0002C5D5 /* Account.m */ = {isa = PBXFileReference; fileEncoding = 4; lastKnownFileType = sourcecode.c.objc; path = Account.m; sourceTree = "<group>"; };
		A565089B209B531D0002C5D5 /* NetworkUtils.m */ = {isa = PBXFileReference; fileEncoding = 4; lastKnownFileType = sourcecode.c.objc; path = NetworkUtils.m; sourceTree = "<group>"; };
		A565089C209B531D0002C5D5 /* NSString+NSDate.m */ = {isa = PBXFileReference; fileEncoding = 4; lastKnownFileType = sourcecode.c.objc; path = "NSString+NSDate.m"; sourceTree = "<group>"; };
		A565089D209B531E0002C5D5 /* CQBaseMethod.h */ = {isa = PBXFileReference; fileEncoding = 4; lastKnownFileType = sourcecode.c.h; path = CQBaseMethod.h; sourceTree = "<group>"; };
		A565089E209B531E0002C5D5 /* KeyConstant.h */ = {isa = PBXFileReference; fileEncoding = 4; lastKnownFileType = sourcecode.c.h; path = KeyConstant.h; sourceTree = "<group>"; };
		A565089F209B531E0002C5D5 /* PinyinIndexUtil.m */ = {isa = PBXFileReference; fileEncoding = 4; lastKnownFileType = sourcecode.c.objc; path = PinyinIndexUtil.m; sourceTree = "<group>"; };
		A56508A0209B531E0002C5D5 /* StatusAndType.h */ = {isa = PBXFileReference; fileEncoding = 4; lastKnownFileType = sourcecode.c.h; path = StatusAndType.h; sourceTree = "<group>"; };
		A56508A1209B531E0002C5D5 /* UserSession.m */ = {isa = PBXFileReference; fileEncoding = 4; lastKnownFileType = sourcecode.c.objc; path = UserSession.m; sourceTree = "<group>"; };
		A56508A2209B531E0002C5D5 /* CQHTTPTool.m */ = {isa = PBXFileReference; fileEncoding = 4; lastKnownFileType = sourcecode.c.objc; path = CQHTTPTool.m; sourceTree = "<group>"; };
		A56508A3209B531F0002C5D5 /* ChineseString.m */ = {isa = PBXFileReference; fileEncoding = 4; lastKnownFileType = sourcecode.c.objc; path = ChineseString.m; sourceTree = "<group>"; };
		A56508A4209B531F0002C5D5 /* ChineseString.h */ = {isa = PBXFileReference; fileEncoding = 4; lastKnownFileType = sourcecode.c.h; path = ChineseString.h; sourceTree = "<group>"; };
		A56508A5209B531F0002C5D5 /* UserSession.h */ = {isa = PBXFileReference; fileEncoding = 4; lastKnownFileType = sourcecode.c.h; path = UserSession.h; sourceTree = "<group>"; };
		A56508A6209B53200002C5D5 /* NSString+NSDate.h */ = {isa = PBXFileReference; fileEncoding = 4; lastKnownFileType = sourcecode.c.h; path = "NSString+NSDate.h"; sourceTree = "<group>"; };
		A56508A7209B53200002C5D5 /* Account.h */ = {isa = PBXFileReference; fileEncoding = 4; lastKnownFileType = sourcecode.c.h; path = Account.h; sourceTree = "<group>"; };
		A56508A8209B53200002C5D5 /* FEIDatabaseManager.m */ = {isa = PBXFileReference; fileEncoding = 4; lastKnownFileType = sourcecode.c.objc; path = FEIDatabaseManager.m; sourceTree = "<group>"; };
		A56508A9209B53200002C5D5 /* UITableView+Improve.m */ = {isa = PBXFileReference; fileEncoding = 4; lastKnownFileType = sourcecode.c.objc; path = "UITableView+Improve.m"; sourceTree = "<group>"; };
/* End PBXFileReference section */

/* Begin PBXFrameworksBuildPhase section */
		5A3CEDC9209B052000933957 /* Frameworks */ = {
			isa = PBXFrameworksBuildPhase;
			buildActionMask = 2147483647;
			files = (
			);
			runOnlyForDeploymentPostprocessing = 0;
		};
/* End PBXFrameworksBuildPhase section */

/* Begin PBXGroup section */
		5A3CEDC3209B052000933957 = {
			isa = PBXGroup;
			children = (
				5A3CEDCE209B052000933957 /* FEIICollectionToolObj */,
				5A3CEDCD209B052000933957 /* Products */,
			);
			sourceTree = "<group>";
		};
		5A3CEDCD209B052000933957 /* Products */ = {
			isa = PBXGroup;
			children = (
				5A3CEDCC209B052000933957 /* FEIICollectionToolObj.app */,
			);
			name = Products;
			sourceTree = "<group>";
		};
		5A3CEDCE209B052000933957 /* FEIICollectionToolObj */ = {
			isa = PBXGroup;
			children = (
				A56506F8209B4C2F0002C5D5 /* Util */,
				5A3CEDE5209B09DF00933957 /* Macro */,
				5A3CEDCF209B052000933957 /* AppDelegate.h */,
				5A3CEDD0209B052000933957 /* AppDelegate.m */,
				5A3CEDD2209B052100933957 /* ViewController.h */,
				5A3CEDD3209B052100933957 /* ViewController.m */,
				5A3CEDD5209B052100933957 /* Main.storyboard */,
				5A3CEDD8209B052100933957 /* Assets.xcassets */,
				5A3CEDDA209B052100933957 /* LaunchScreen.storyboard */,
				5A3CEDDD209B052100933957 /* Info.plist */,
				5A3CEDDE209B052100933957 /* main.m */,
			);
			path = FEIICollectionToolObj;
			sourceTree = "<group>";
		};
		5A3CEDE5209B09DF00933957 /* Macro */ = {
			isa = PBXGroup;
			children = (
				5A3CEDE7209B0A3B00933957 /* CommonMacro.h */,
			);
			path = Macro;
			sourceTree = "<group>";
		};
		5AF8E39B209C5C1400EDCB6E /* ScrollImgeView */ = {
			isa = PBXGroup;
			children = (
				5AF8E39C209C5DDB00EDCB6E /* WSWScrollView.h */,
				5AF8E39D209C5DDB00EDCB6E /* WSWScrollView.m */,
			);
			path = ScrollImgeView;
			sourceTree = "<group>";
		};
		A56506F8209B4C2F0002C5D5 /* Util */ = {
			isa = PBXGroup;
			children = (
				5AF8E39B209C5C1400EDCB6E /* ScrollImgeView */,
				A565088C209B53030002C5D5 /* Common */,
				A5650703209B50170002C5D5 /* Gategroy */,
				A56506FC209B4F640002C5D5 /* DateUtils */,
				A56506F9209B4D7E0002C5D5 /* FEIISegementView.h */,
				A56506FA209B4D7E0002C5D5 /* FEIISegementView.m */,
			);
			path = Util;
			sourceTree = "<group>";
		};
		A56506FC209B4F640002C5D5 /* DateUtils */ = {
			isa = PBXGroup;
			children = (
				A5650720209B50460002C5D5 /* GetDateModel.h */,
				A565071F209B50460002C5D5 /* GetDateModel.m */,
				A56506FD209B4F640002C5D5 /* GetSystemDate.h */,
				A56506FF209B4F640002C5D5 /* GetSystemDate.m */,
			);
			path = DateUtils;
			sourceTree = "<group>";
		};
		A5650703209B50170002C5D5 /* Gategroy */ = {
			isa = PBXGroup;
			children = (
				A5650704209B50170002C5D5 /* UIView+MJ.h */,
				A5650705209B50170002C5D5 /* NSString+RetbitString.h */,
				A5650706209B50170002C5D5 /* UIButton+ImageWithLabel.h */,
				A5650707209B50170002C5D5 /* NSString+Utils.h */,
				A5650708209B50170002C5D5 /* UIColor+Util.h */,
				A5650709209B50170002C5D5 /* UIView+Util.m */,
				A565070A209B50170002C5D5 /* UIImage+Util.h */,
				A565070B209B50170002C5D5 /* NSString+CQFontSzie.h */,
				A565070C209B50170002C5D5 /* UIViewController+BackButtonHandler.m */,
				A565070D209B50170002C5D5 /* NSString+RetbitString.m */,
				A565070E209B50170002C5D5 /* UIView+MJ.m */,
				A565070F209B50170002C5D5 /* UIImage+Util.m */,
				A5650710209B50170002C5D5 /* UIView+Util.h */,
				A5650711209B50170002C5D5 /* UIColor+Util.m */,
				A5650712209B50170002C5D5 /* NSString+Utils.m */,
				A5650713209B50170002C5D5 /* UIButton+ImageWithLabel.m */,
				A5650714209B50170002C5D5 /* NSString+CQFontSzie.m */,
				A5650715209B50170002C5D5 /* UIViewController+BackButtonHandler.h */,
			);
			path = Gategroy;
			sourceTree = "<group>";
		};
		A565088C209B53030002C5D5 /* Common */ = {
			isa = PBXGroup;
			children = (
				A56508A7209B53200002C5D5 /* Account.h */,
				A565089A209B531D0002C5D5 /* Account.m */,
				A5650899209B531D0002C5D5 /* ApiConstant.h */,
				A5650892209B531C0002C5D5 /* AuthDelegate.h */,
				A56508A4209B531F0002C5D5 /* ChineseString.h */,
				A56508A3209B531F0002C5D5 /* ChineseString.m */,
				A565089D209B531E0002C5D5 /* CQBaseMethod.h */,
				A5650891209B531C0002C5D5 /* CQBaseMethod.m */,
				A565088E209B531B0002C5D5 /* CQDetalisAttribute.h */,
				A5650890209B531C0002C5D5 /* CQHTTPTool.h */,
				A56508A2209B531E0002C5D5 /* CQHTTPTool.m */,
				A5650894209B531C0002C5D5 /* DebugConstant.h */,
				A5650893209B531C0002C5D5 /* FEIDatabaseManager.h */,
				A56508A8209B53200002C5D5 /* FEIDatabaseManager.m */,
				A565089E209B531E0002C5D5 /* KeyConstant.h */,
				A5650895209B531C0002C5D5 /* NetworkUtils.h */,
				A565089B209B531D0002C5D5 /* NetworkUtils.m */,
				A56508A6209B53200002C5D5 /* NSString+NSDate.h */,
				A565089C209B531D0002C5D5 /* NSString+NSDate.m */,
				A565088D209B531B0002C5D5 /* pinyin.c */,
				A5650898209B531D0002C5D5 /* pinyin.h */,
				A5650897209B531D0002C5D5 /* PinyinIndexUtil.h */,
				A565089F209B531E0002C5D5 /* PinyinIndexUtil.m */,
				A56508A0209B531E0002C5D5 /* StatusAndType.h */,
				A5650896209B531C0002C5D5 /* UIConstant.h */,
				A565088F209B531B0002C5D5 /* UITableView+Improve.h */,
				A56508A9209B53200002C5D5 /* UITableView+Improve.m */,
				A56508A5209B531F0002C5D5 /* UserSession.h */,
				A56508A1209B531E0002C5D5 /* UserSession.m */,
			);
			path = Common;
			sourceTree = "<group>";
		};
/* End PBXGroup section */

/* Begin PBXNativeTarget section */
		5A3CEDCB209B052000933957 /* FEIICollectionToolObj */ = {
			isa = PBXNativeTarget;
			buildConfigurationList = 5A3CEDE2209B052100933957 /* Build configuration list for PBXNativeTarget "FEIICollectionToolObj" */;
			buildPhases = (
				5A3CEDC8209B052000933957 /* Sources */,
				5A3CEDC9209B052000933957 /* Frameworks */,
				5A3CEDCA209B052000933957 /* Resources */,
			);
			buildRules = (
			);
			dependencies = (
			);
			name = FEIICollectionToolObj;
			productName = FEIICollectionToolObj;
			productReference = 5A3CEDCC209B052000933957 /* FEIICollectionToolObj.app */;
			productType = "com.apple.product-type.application";
		};
/* End PBXNativeTarget section */

/* Begin PBXProject section */
		5A3CEDC4209B052000933957 /* Project object */ = {
			isa = PBXProject;
			attributes = {
				LastUpgradeCheck = 0920;
				ORGANIZATIONNAME = feii;
				TargetAttributes = {
					5A3CEDCB209B052000933957 = {
						CreatedOnToolsVersion = 9.2;
						ProvisioningStyle = Automatic;
					};
				};
			};
			buildConfigurationList = 5A3CEDC7209B052000933957 /* Build configuration list for PBXProject "FEIICollectionToolObj" */;
			compatibilityVersion = "Xcode 8.0";
			developmentRegion = en;
			hasScannedForEncodings = 0;
			knownRegions = (
				en,
				Base,
			);
			mainGroup = 5A3CEDC3209B052000933957;
			productRefGroup = 5A3CEDCD209B052000933957 /* Products */;
			projectDirPath = "";
			projectRoot = "";
			targets = (
				5A3CEDCB209B052000933957 /* FEIICollectionToolObj */,
			);
		};
/* End PBXProject section */

/* Begin PBXResourcesBuildPhase section */
		5A3CEDCA209B052000933957 /* Resources */ = {
			isa = PBXResourcesBuildPhase;
			buildActionMask = 2147483647;
			files = (
				5A3CEDDC209B052100933957 /* LaunchScreen.storyboard in Resources */,
				5A3CEDD9209B052100933957 /* Assets.xcassets in Resources */,
				5A3CEDD7209B052100933957 /* Main.storyboard in Resources */,
			);
			runOnlyForDeploymentPostprocessing = 0;
		};
/* End PBXResourcesBuildPhase section */

/* Begin PBXSourcesBuildPhase section */
		5A3CEDC8209B052000933957 /* Sources */ = {
			isa = PBXSourcesBuildPhase;
			buildActionMask = 2147483647;
			files = (
				A56508B3209B53210002C5D5 /* FEIDatabaseManager.m in Sources */,
				A56508AA209B53210002C5D5 /* pinyin.c in Sources */,
				A5650717209B50170002C5D5 /* UIViewController+BackButtonHandler.m in Sources */,
				5AF8E39E209C5DDB00EDCB6E /* WSWScrollView.m in Sources */,
				A5650716209B50170002C5D5 /* UIView+Util.m in Sources */,
				A56508AD209B53210002C5D5 /* NetworkUtils.m in Sources */,
				5A3CEDD4209B052100933957 /* ViewController.m in Sources */,
				A5650702209B4F640002C5D5 /* GetSystemDate.m in Sources */,
				A56508B1209B53210002C5D5 /* CQHTTPTool.m in Sources */,
				A56508AE209B53210002C5D5 /* NSString+NSDate.m in Sources */,
				A56508B2209B53210002C5D5 /* ChineseString.m in Sources */,
				A56506FB209B4D7E0002C5D5 /* FEIISegementView.m in Sources */,
				5A3CEDDF209B052100933957 /* main.m in Sources */,
				A5650718209B50170002C5D5 /* NSString+RetbitString.m in Sources */,
				A565071E209B50170002C5D5 /* NSString+CQFontSzie.m in Sources */,
				A56508AC209B53210002C5D5 /* Account.m in Sources */,
				A565071C209B50170002C5D5 /* NSString+Utils.m in Sources */,
				A565071A209B50170002C5D5 /* UIImage+Util.m in Sources */,
				A565071B209B50170002C5D5 /* UIColor+Util.m in Sources */,
				A56508AF209B53210002C5D5 /* PinyinIndexUtil.m in Sources */,
				A5650719209B50170002C5D5 /* UIView+MJ.m in Sources */,
				A56508AB209B53210002C5D5 /* CQBaseMethod.m in Sources */,
				5A3CEDD1209B052000933957 /* AppDelegate.m in Sources */,
				A56508B0209B53210002C5D5 /* UserSession.m in Sources */,
				A5650721209B50460002C5D5 /* GetDateModel.m in Sources */,
				A56508B4209B53210002C5D5 /* UITableView+Improve.m in Sources */,
				A565071D209B50170002C5D5 /* UIButton+ImageWithLabel.m in Sources */,
			);
			runOnlyForDeploymentPostprocessing = 0;
		};
/* End PBXSourcesBuildPhase section */

/* Begin PBXVariantGroup section */
		5A3CEDD5209B052100933957 /* Main.storyboard */ = {
			isa = PBXVariantGroup;
			children = (
				5A3CEDD6209B052100933957 /* Base */,
			);
			name = Main.storyboard;
			sourceTree = "<group>";
		};
		5A3CEDDA209B052100933957 /* LaunchScreen.storyboard */ = {
			isa = PBXVariantGroup;
			children = (
				5A3CEDDB209B052100933957 /* Base */,
			);
			name = LaunchScreen.storyboard;
			sourceTree = "<group>";
		};
/* End PBXVariantGroup section */

/* Begin XCBuildConfiguration section */
		5A3CEDE0209B052100933957 /* Debug */ = {
			isa = XCBuildConfiguration;
			buildSettings = {
				ALWAYS_SEARCH_USER_PATHS = NO;
				CLANG_ANALYZER_NONNULL = YES;
				CLANG_ANALYZER_NUMBER_OBJECT_CONVERSION = YES_AGGRESSIVE;
				CLANG_CXX_LANGUAGE_STANDARD = "gnu++14";
				CLANG_CXX_LIBRARY = "libc++";
				CLANG_ENABLE_MODULES = YES;
				CLANG_ENABLE_OBJC_ARC = YES;
				CLANG_WARN_BLOCK_CAPTURE_AUTORELEASING = YES;
				CLANG_WARN_BOOL_CONVERSION = YES;
				CLANG_WARN_COMMA = YES;
				CLANG_WARN_CONSTANT_CONVERSION = YES;
				CLANG_WARN_DIRECT_OBJC_ISA_USAGE = YES_ERROR;
				CLANG_WARN_DOCUMENTATION_COMMENTS = YES;
				CLANG_WARN_EMPTY_BODY = YES;
				CLANG_WARN_ENUM_CONVERSION = YES;
				CLANG_WARN_INFINITE_RECURSION = YES;
				CLANG_WARN_INT_CONVERSION = YES;
				CLANG_WARN_NON_LITERAL_NULL_CONVERSION = YES;
				CLANG_WARN_OBJC_LITERAL_CONVERSION = YES;
				CLANG_WARN_OBJC_ROOT_CLASS = YES_ERROR;
				CLANG_WARN_RANGE_LOOP_ANALYSIS = YES;
				CLANG_WARN_STRICT_PROTOTYPES = YES;
				CLANG_WARN_SUSPICIOUS_MOVE = YES;
				CLANG_WARN_UNGUARDED_AVAILABILITY = YES_AGGRESSIVE;
				CLANG_WARN_UNREACHABLE_CODE = YES;
				CLANG_WARN__DUPLICATE_METHOD_MATCH = YES;
				CODE_SIGN_IDENTITY = "iPhone Developer";
				COPY_PHASE_STRIP = NO;
				DEBUG_INFORMATION_FORMAT = dwarf;
				ENABLE_STRICT_OBJC_MSGSEND = YES;
				ENABLE_TESTABILITY = YES;
				GCC_C_LANGUAGE_STANDARD = gnu11;
				GCC_DYNAMIC_NO_PIC = NO;
				GCC_NO_COMMON_BLOCKS = YES;
				GCC_OPTIMIZATION_LEVEL = 0;
				GCC_PREPROCESSOR_DEFINITIONS = (
					"DEBUG=1",
					"$(inherited)",
				);
				GCC_WARN_64_TO_32_BIT_CONVERSION = YES;
				GCC_WARN_ABOUT_RETURN_TYPE = YES_ERROR;
				GCC_WARN_UNDECLARED_SELECTOR = YES;
				GCC_WARN_UNINITIALIZED_AUTOS = YES_AGGRESSIVE;
				GCC_WARN_UNUSED_FUNCTION = YES;
				GCC_WARN_UNUSED_VARIABLE = YES;
				IPHONEOS_DEPLOYMENT_TARGET = 11.2;
				MTL_ENABLE_DEBUG_INFO = YES;
				ONLY_ACTIVE_ARCH = YES;
				SDKROOT = iphoneos;
			};
			name = Debug;
		};
		5A3CEDE1209B052100933957 /* Release */ = {
			isa = XCBuildConfiguration;
			buildSettings = {
				ALWAYS_SEARCH_USER_PATHS = NO;
				CLANG_ANALYZER_NONNULL = YES;
				CLANG_ANALYZER_NUMBER_OBJECT_CONVERSION = YES_AGGRESSIVE;
				CLANG_CXX_LANGUAGE_STANDARD = "gnu++14";
				CLANG_CXX_LIBRARY = "libc++";
				CLANG_ENABLE_MODULES = YES;
				CLANG_ENABLE_OBJC_ARC = YES;
				CLANG_WARN_BLOCK_CAPTURE_AUTORELEASING = YES;
				CLANG_WARN_BOOL_CONVERSION = YES;
				CLANG_WARN_COMMA = YES;
				CLANG_WARN_CONSTANT_CONVERSION = YES;
				CLANG_WARN_DIRECT_OBJC_ISA_USAGE = YES_ERROR;
				CLANG_WARN_DOCUMENTATION_COMMENTS = YES;
				CLANG_WARN_EMPTY_BODY = YES;
				CLANG_WARN_ENUM_CONVERSION = YES;
				CLANG_WARN_INFINITE_RECURSION = YES;
				CLANG_WARN_INT_CONVERSION = YES;
				CLANG_WARN_NON_LITERAL_NULL_CONVERSION = YES;
				CLANG_WARN_OBJC_LITERAL_CONVERSION = YES;
				CLANG_WARN_OBJC_ROOT_CLASS = YES_ERROR;
				CLANG_WARN_RANGE_LOOP_ANALYSIS = YES;
				CLANG_WARN_STRICT_PROTOTYPES = YES;
				CLANG_WARN_SUSPICIOUS_MOVE = YES;
				CLANG_WARN_UNGUARDED_AVAILABILITY = YES_AGGRESSIVE;
				CLANG_WARN_UNREACHABLE_CODE = YES;
				CLANG_WARN__DUPLICATE_METHOD_MATCH = YES;
				CODE_SIGN_IDENTITY = "iPhone Developer";
				COPY_PHASE_STRIP = NO;
				DEBUG_INFORMATION_FORMAT = "dwarf-with-dsym";
				ENABLE_NS_ASSERTIONS = NO;
				ENABLE_STRICT_OBJC_MSGSEND = YES;
				GCC_C_LANGUAGE_STANDARD = gnu11;
				GCC_NO_COMMON_BLOCKS = YES;
				GCC_WARN_64_TO_32_BIT_CONVERSION = YES;
				GCC_WARN_ABOUT_RETURN_TYPE = YES_ERROR;
				GCC_WARN_UNDECLARED_SELECTOR = YES;
				GCC_WARN_UNINITIALIZED_AUTOS = YES_AGGRESSIVE;
				GCC_WARN_UNUSED_FUNCTION = YES;
				GCC_WARN_UNUSED_VARIABLE = YES;
				IPHONEOS_DEPLOYMENT_TARGET = 11.2;
				MTL_ENABLE_DEBUG_INFO = NO;
				SDKROOT = iphoneos;
				VALIDATE_PRODUCT = YES;
			};
			name = Release;
		};
		5A3CEDE3209B052100933957 /* Debug */ = {
			isa = XCBuildConfiguration;
			buildSettings = {
				ASSETCATALOG_COMPILER_APPICON_NAME = AppIcon;
				CODE_SIGN_STYLE = Automatic;
				FRAMEWORK_SEARCH_PATHS = (
					"$(inherited)",
					"$(PROJECT_DIR)/FEIICollectionToolObj/Util/Constants/UMMobClick_SDK_4.1.0",
				);
				INFOPLIST_FILE = FEIICollectionToolObj/Info.plist;
				LD_RUNPATH_SEARCH_PATHS = "$(inherited) @executable_path/Frameworks";
				PRODUCT_BUNDLE_IDENTIFIER = com.feii.www.FEIICollectionToolObj;
				PRODUCT_NAME = "$(TARGET_NAME)";
				TARGETED_DEVICE_FAMILY = "1,2";
			};
			name = Debug;
		};
		5A3CEDE4209B052100933957 /* Release */ = {
			isa = XCBuildConfiguration;
			buildSettings = {
				ASSETCATALOG_COMPILER_APPICON_NAME = AppIcon;
				CODE_SIGN_STYLE = Automatic;
				FRAMEWORK_SEARCH_PATHS = (
					"$(inherited)",
					"$(PROJECT_DIR)/FEIICollectionToolObj/Util/Constants/UMMobClick_SDK_4.1.0",
				);
				INFOPLIST_FILE = FEIICollectionToolObj/Info.plist;
				LD_RUNPATH_SEARCH_PATHS = "$(inherited) @executable_path/Frameworks";
				PRODUCT_BUNDLE_IDENTIFIER = com.feii.www.FEIICollectionToolObj;
				PRODUCT_NAME = "$(TARGET_NAME)";
				TARGETED_DEVICE_FAMILY = "1,2";
			};
			name = Release;
		};
/* End XCBuildConfiguration section */

/* Begin XCConfigurationList section */
		5A3CEDC7209B052000933957 /* Build configuration list for PBXProject "FEIICollectionToolObj" */ = {
			isa = XCConfigurationList;
			buildConfigurations = (
				5A3CEDE0209B052100933957 /* Debug */,
				5A3CEDE1209B052100933957 /* Release */,
			);
			defaultConfigurationIsVisible = 0;
			defaultConfigurationName = Release;
		};
		5A3CEDE2209B052100933957 /* Build configuration list for PBXNativeTarget "FEIICollectionToolObj" */ = {
			isa = XCConfigurationList;
			buildConfigurations = (
				5A3CEDE3209B052100933957 /* Debug */,
				5A3CEDE4209B052100933957 /* Release */,
			);
			defaultConfigurationIsVisible = 0;
			defaultConfigurationName = Release;
		};
/* End XCConfigurationList section */
	};
	rootObject = 5A3CEDC4209B052000933957 /* Project object */;
}
